
Microsoft Visual Studio Solution File, Format Version 12.00
# Visual Studio Version 16
VisualStudioVersion = 16.0.29806.167
MinimumVisualStudioVersion = 10.0.40219.1
Project("{9A19103F-16F7-4668-BE54-9A1E7A4F7556}") = "Ethereum.Airline.Web", "EthereumAirline.Web\Ethereum.Airline.Web.csproj", "{F0CDCBCB-3EEB-44B7-8390-147FC3723240}"
EndProject
Project("{9A19103F-16F7-4668-BE54-9A1E7A4F7556}") = "ContractDeployer", "ContractDeployer\ContractDeployer.csproj", "{C834589B-93FC-4794-A1CE-4130DF5A879E}"
EndProject
Global
	GlobalSection(SolutionConfigurationPlatforms) = preSolution
		Debug|Any CPU = Debug|Any CPU
		Release|Any CPU = Release|Any CPU
	EndGlobalSection
	GlobalSection(ProjectConfigurationPlatforms) = postSolution
		{F0CDCBCB-3EEB-44B7-8390-147FC3723240}.Debug|Any CPU.ActiveCfg = Debug|Any CPU
		{F0CDCBCB-3EEB-44B7-8390-147FC3723240}.Debug|Any CPU.Build.0 = Debug|Any CPU
		{F0CDCBCB-3EEB-44B7-8390-147FC3723240}.Release|Any CPU.ActiveCfg = Release|Any CPU
		{F0CDCBCB-3EEB-44B7-8390-147FC3723240}.Release|Any CPU.Build.0 = Release|Any CPU
		{C834589B-93FC-4794-A1CE-4130DF5A879E}.Debug|Any CPU.ActiveCfg = Debug|Any CPU
		{C834589B-93FC-4794-A1CE-4130DF5A879E}.Debug|Any CPU.Build.0 = Debug|Any CPU
		{C834589B-93FC-4794-A1CE-4130DF5A879E}.Release|Any CPU.ActiveCfg = Release|Any CPU
		{C834589B-93FC-4794-A1CE-4130DF5A879E}.Release|Any CPU.Build.0 = Release|Any CPU
	EndGlobalSection
	GlobalSection(SolutionProperties) = preSolution
		HideSolutionNode = FALSE
	EndGlobalSection
	GlobalSection(ExtensibilityGlobals) = postSolution
		SolutionGuid = {0BCAE679-7136-4934-A59D-55647D59AC20}
	EndGlobalSection
EndGlobal
